// !$*UTF8*$!
{
	archiveVersion = 1;
	classes = {
	};
	objectVersion = 54;
	objects = {

/* Begin PBXBuildFile section */
		7B667B2ABE0255DE27666E09 /* Pods_vpm.framework in Frameworks */ = {isa = PBXBuildFile; fileRef = 589627ED07F0044976A8CA1C /* Pods_vpm.framework */; };
		8125E28E2956BC1D00C0B4BB /* Constant.swift in Sources */ = {isa = PBXBuildFile; fileRef = 8125E2462956BC1C00C0B4BB /* Constant.swift */; };
		8125E28F2956BC1D00C0B4BB /* AppCategory+Extention.swift in Sources */ = {isa = PBXBuildFile; fileRef = 8125E2472956BC1C00C0B4BB /* AppCategory+Extention.swift */; };
		8125E2A82956BC1D00C0B4BB /* UtilsCommon.swift in Sources */ = {isa = PBXBuildFile; fileRef = 8125E2642956BC1C00C0B4BB /* UtilsCommon.swift */; };
		8125E2A92956BC1D00C0B4BB /* AAPWebService.swift in Sources */ = {isa = PBXBuildFile; fileRef = 8125E2652956BC1C00C0B4BB /* AAPWebService.swift */; };
		8125E2AA2956BC1D00C0B4BB /* ImagePicker.swift in Sources */ = {isa = PBXBuildFile; fileRef = 8125E2662956BC1C00C0B4BB /* ImagePicker.swift */; };
		8125E2AB2956BC1D00C0B4BB /* NKHelper.swift in Sources */ = {isa = PBXBuildFile; fileRef = 8125E2672956BC1C00C0B4BB /* NKHelper.swift */; };
		8125E2B62956BC1D00C0B4BB /* IQTextView.swift in Sources */ = {isa = PBXBuildFile; fileRef = 8125E27A2956BC1C00C0B4BB /* IQTextView.swift */; };
		8125E2B82956BC1D00C0B4BB /* Toast.swift in Sources */ = {isa = PBXBuildFile; fileRef = 8125E27D2956BC1C00C0B4BB /* Toast.swift */; };
		8125E2BA2956BC1D00C0B4BB /* MBProgressHUD.m in Sources */ = {isa = PBXBuildFile; fileRef = 8125E2802956BC1C00C0B4BB /* MBProgressHUD.m */; };
		8125E2BB2956BC1D00C0B4BB /* MBProgressHUD.swift in Sources */ = {isa = PBXBuildFile; fileRef = 8125E2832956BC1C00C0B4BB /* MBProgressHUD.swift */; };
		8125E2BC2956BC1D00C0B4BB /* MBHudDemoViewController.m in Sources */ = {isa = PBXBuildFile; fileRef = 8125E2842956BC1C00C0B4BB /* MBHudDemoViewController.m */; };
		8125E2BD2956BC1D00C0B4BB /* MBProgressHUDViewController.swift in Sources */ = {isa = PBXBuildFile; fileRef = 8125E2852956BC1C00C0B4BB /* MBProgressHUDViewController.swift */; };
		8125E2C52956C08B00C0B4BB /* UserDataModel.swift in Sources */ = {isa = PBXBuildFile; fileRef = 8125E2C42956C08B00C0B4BB /* UserDataModel.swift */; };
		8125E2C72956C0CA00C0B4BB /* UserData.swift in Sources */ = {isa = PBXBuildFile; fileRef = 8125E2C62956C0CA00C0B4BB /* UserData.swift */; };
		8125E2C92956C22800C0B4BB /* SignUpVC.swift in Sources */ = {isa = PBXBuildFile; fileRef = 8125E2C82956C22800C0B4BB /* SignUpVC.swift */; };
		8177AEE72956B1AC00EA992A /* SplashVC.swift in Sources */ = {isa = PBXBuildFile; fileRef = 8177AEE62956B1AC00EA992A /* SplashVC.swift */; };
		8177AEE92956B1C000EA992A /* LoginVC.swift in Sources */ = {isa = PBXBuildFile; fileRef = 8177AEE82956B1C000EA992A /* LoginVC.swift */; };
		81DA0E2F2957073100E65E1C /* LoginUserData.swift in Sources */ = {isa = PBXBuildFile; fileRef = 81DA0E2E2957073100E65E1C /* LoginUserData.swift */; };
		81DA0E3129570BAE00E65E1C /* DashboardVC.swift in Sources */ = {isa = PBXBuildFile; fileRef = 81DA0E3029570BAE00E65E1C /* DashboardVC.swift */; };
		81DA0E3329570FE500E65E1C /* Product.swift in Sources */ = {isa = PBXBuildFile; fileRef = 81DA0E3229570FE500E65E1C /* Product.swift */; };
		81DA0E352957108E00E65E1C /* ProductTblCell.swift in Sources */ = {isa = PBXBuildFile; fileRef = 81DA0E342957108E00E65E1C /* ProductTblCell.swift */; };
		81DA0E37295713F700E65E1C /* ProductDataModel.swift in Sources */ = {isa = PBXBuildFile; fileRef = 81DA0E36295713F700E65E1C /* ProductDataModel.swift */; };
		81DA0E3D29572E0D00E65E1C /* UpdateProductVC.swift in Sources */ = {isa = PBXBuildFile; fileRef = 81DA0E3C29572E0D00E65E1C /* UpdateProductVC.swift */; };
		81F169AE2956AF4F00B1ABBB /* AppDelegate.swift in Sources */ = {isa = PBXBuildFile; fileRef = 81F169AD2956AF4F00B1ABBB /* AppDelegate.swift */; };
		81F169B02956AF4F00B1ABBB /* SceneDelegate.swift in Sources */ = {isa = PBXBuildFile; fileRef = 81F169AF2956AF4F00B1ABBB /* SceneDelegate.swift */; };
		81F169B22956AF4F00B1ABBB /* ViewController.swift in Sources */ = {isa = PBXBuildFile; fileRef = 81F169B12956AF4F00B1ABBB /* ViewController.swift */; };
		81F169B52956AF4F00B1ABBB /* Main.storyboard in Resources */ = {isa = PBXBuildFile; fileRef = 81F169B32956AF4F00B1ABBB /* Main.storyboard */; };
		81F169B82956AF4F00B1ABBB /* vpm.xcdatamodeld in Sources */ = {isa = PBXBuildFile; fileRef = 81F169B62956AF4F00B1ABBB /* vpm.xcdatamodeld */; };
		81F169BA2956AF5100B1ABBB /* Assets.xcassets in Resources */ = {isa = PBXBuildFile; fileRef = 81F169B92956AF5100B1ABBB /* Assets.xcassets */; };
		81F169BD2956AF5100B1ABBB /* LaunchScreen.storyboard in Resources */ = {isa = PBXBuildFile; fileRef = 81F169BB2956AF5100B1ABBB /* LaunchScreen.storyboard */; };
/* End PBXBuildFile section */

/* Begin PBXFileReference section */
		41EF250012D83D16028AB7FB /* Pods-vpm.debug.xcconfig */ = {isa = PBXFileReference; includeInIndex = 1; lastKnownFileType = text.xcconfig; name = "Pods-vpm.debug.xcconfig"; path = "Target Support Files/Pods-vpm/Pods-vpm.debug.xcconfig"; sourceTree = "<group>"; };
		4CED4A113E37B6A7037C3367 /* Pods-vpm.release.xcconfig */ = {isa = PBXFileReference; includeInIndex = 1; lastKnownFileType = text.xcconfig; name = "Pods-vpm.release.xcconfig"; path = "Target Support Files/Pods-vpm/Pods-vpm.release.xcconfig"; sourceTree = "<group>"; };
		589627ED07F0044976A8CA1C /* Pods_vpm.framework */ = {isa = PBXFileReference; explicitFileType = wrapper.framework; includeInIndex = 0; path = Pods_vpm.framework; sourceTree = BUILT_PRODUCTS_DIR; };
		8125E2462956BC1C00C0B4BB /* Constant.swift */ = {isa = PBXFileReference; fileEncoding = 4; lastKnownFileType = sourcecode.swift; path = Constant.swift; sourceTree = "<group>"; };
		8125E2472956BC1C00C0B4BB /* AppCategory+Extention.swift */ = {isa = PBXFileReference; fileEncoding = 4; lastKnownFileType = sourcecode.swift; path = "AppCategory+Extention.swift"; sourceTree = "<group>"; };
		8125E2642956BC1C00C0B4BB /* UtilsCommon.swift */ = {isa = PBXFileReference; fileEncoding = 4; lastKnownFileType = sourcecode.swift; path = UtilsCommon.swift; sourceTree = "<group>"; };
		8125E2652956BC1C00C0B4BB /* AAPWebService.swift */ = {isa = PBXFileReference; fileEncoding = 4; lastKnownFileType = sourcecode.swift; path = AAPWebService.swift; sourceTree = "<group>"; };
		8125E2662956BC1C00C0B4BB /* ImagePicker.swift */ = {isa = PBXFileReference; fileEncoding = 4; lastKnownFileType = sourcecode.swift; path = ImagePicker.swift; sourceTree = "<group>"; };
		8125E2672956BC1C00C0B4BB /* NKHelper.swift */ = {isa = PBXFileReference; fileEncoding = 4; lastKnownFileType = sourcecode.swift; path = NKHelper.swift; sourceTree = "<group>"; };
		8125E27A2956BC1C00C0B4BB /* IQTextView.swift */ = {isa = PBXFileReference; fileEncoding = 4; lastKnownFileType = sourcecode.swift; path = IQTextView.swift; sourceTree = "<group>"; };
		8125E27D2956BC1C00C0B4BB /* Toast.swift */ = {isa = PBXFileReference; fileEncoding = 4; lastKnownFileType = sourcecode.swift; path = Toast.swift; sourceTree = "<group>"; };
		8125E2802956BC1C00C0B4BB /* MBProgressHUD.m */ = {isa = PBXFileReference; fileEncoding = 4; lastKnownFileType = sourcecode.c.objc; path = MBProgressHUD.m; sourceTree = "<group>"; };
		8125E2812956BC1C00C0B4BB /* MBHudDemoViewController.h */ = {isa = PBXFileReference; fileEncoding = 4; lastKnownFileType = sourcecode.c.h; path = MBHudDemoViewController.h; sourceTree = "<group>"; };
		8125E2822956BC1C00C0B4BB /* MBProgressHUD.h */ = {isa = PBXFileReference; fileEncoding = 4; lastKnownFileType = sourcecode.c.h; path = MBProgressHUD.h; sourceTree = "<group>"; };
		8125E2832956BC1C00C0B4BB /* MBProgressHUD.swift */ = {isa = PBXFileReference; fileEncoding = 4; lastKnownFileType = sourcecode.swift; path = MBProgressHUD.swift; sourceTree = "<group>"; };
		8125E2842956BC1C00C0B4BB /* MBHudDemoViewController.m */ = {isa = PBXFileReference; fileEncoding = 4; lastKnownFileType = sourcecode.c.objc; path = MBHudDemoViewController.m; sourceTree = "<group>"; };
		8125E2852956BC1C00C0B4BB /* MBProgressHUDViewController.swift */ = {isa = PBXFileReference; fileEncoding = 4; lastKnownFileType = sourcecode.swift; path = MBProgressHUDViewController.swift; sourceTree = "<group>"; };
		8125E2C42956C08B00C0B4BB /* UserDataModel.swift */ = {isa = PBXFileReference; fileEncoding = 4; lastKnownFileType = sourcecode.swift; path = UserDataModel.swift; sourceTree = "<group>"; };
		8125E2C62956C0CA00C0B4BB /* UserData.swift */ = {isa = PBXFileReference; fileEncoding = 4; lastKnownFileType = sourcecode.swift; path = UserData.swift; sourceTree = "<group>"; };
		8125E2C82956C22800C0B4BB /* SignUpVC.swift */ = {isa = PBXFileReference; lastKnownFileType = sourcecode.swift; path = SignUpVC.swift; sourceTree = "<group>"; };
		8177AEE62956B1AC00EA992A /* SplashVC.swift */ = {isa = PBXFileReference; fileEncoding = 4; lastKnownFileType = sourcecode.swift; path = SplashVC.swift; sourceTree = "<group>"; };
		8177AEE82956B1C000EA992A /* LoginVC.swift */ = {isa = PBXFileReference; fileEncoding = 4; lastKnownFileType = sourcecode.swift; path = LoginVC.swift; sourceTree = "<group>"; };
		81DA0E2E2957073100E65E1C /* LoginUserData.swift */ = {isa = PBXFileReference; lastKnownFileType = sourcecode.swift; path = LoginUserData.swift; sourceTree = "<group>"; };
		81DA0E3029570BAE00E65E1C /* DashboardVC.swift */ = {isa = PBXFileReference; fileEncoding = 4; lastKnownFileType = sourcecode.swift; path = DashboardVC.swift; sourceTree = "<group>"; };
		81DA0E3229570FE500E65E1C /* Product.swift */ = {isa = PBXFileReference; lastKnownFileType = sourcecode.swift; path = Product.swift; sourceTree = "<group>"; };
		81DA0E342957108E00E65E1C /* ProductTblCell.swift */ = {isa = PBXFileReference; lastKnownFileType = sourcecode.swift; path = ProductTblCell.swift; sourceTree = "<group>"; };
		81DA0E36295713F700E65E1C /* ProductDataModel.swift */ = {isa = PBXFileReference; lastKnownFileType = sourcecode.swift; path = ProductDataModel.swift; sourceTree = "<group>"; };
		81DA0E3C29572E0D00E65E1C /* UpdateProductVC.swift */ = {isa = PBXFileReference; lastKnownFileType = sourcecode.swift; path = UpdateProductVC.swift; sourceTree = "<group>"; };
		81F169AA2956AF4F00B1ABBB /* vpm.app */ = {isa = PBXFileReference; explicitFileType = wrapper.application; includeInIndex = 0; path = vpm.app; sourceTree = BUILT_PRODUCTS_DIR; };
		81F169AD2956AF4F00B1ABBB /* AppDelegate.swift */ = {isa = PBXFileReference; lastKnownFileType = sourcecode.swift; path = AppDelegate.swift; sourceTree = "<group>"; };
		81F169AF2956AF4F00B1ABBB /* SceneDelegate.swift */ = {isa = PBXFileReference; lastKnownFileType = sourcecode.swift; path = SceneDelegate.swift; sourceTree = "<group>"; };
		81F169B12956AF4F00B1ABBB /* ViewController.swift */ = {isa = PBXFileReference; lastKnownFileType = sourcecode.swift; path = ViewController.swift; sourceTree = "<group>"; };
		81F169B42956AF4F00B1ABBB /* Base */ = {isa = PBXFileReference; lastKnownFileType = file.storyboard; name = Base; path = Base.lproj/Main.storyboard; sourceTree = "<group>"; };
		81F169B72956AF4F00B1ABBB /* vpm.xcdatamodel */ = {isa = PBXFileReference; lastKnownFileType = wrapper.xcdatamodel; path = vpm.xcdatamodel; sourceTree = "<group>"; };
		81F169B92956AF5100B1ABBB /* Assets.xcassets */ = {isa = PBXFileReference; lastKnownFileType = folder.assetcatalog; path = Assets.xcassets; sourceTree = "<group>"; };
		81F169BC2956AF5100B1ABBB /* Base */ = {isa = PBXFileReference; lastKnownFileType = file.storyboard; name = Base; path = Base.lproj/LaunchScreen.storyboard; sourceTree = "<group>"; };
		81F169BE2956AF5100B1ABBB /* Info.plist */ = {isa = PBXFileReference; lastKnownFileType = text.plist.xml; path = Info.plist; sourceTree = "<group>"; };
		81F169C42956AF9800B1ABBB /* vpm-Bridging-Header.h */ = {isa = PBXFileReference; lastKnownFileType = sourcecode.c.h; path = "vpm-Bridging-Header.h"; sourceTree = "<group>"; };
/* End PBXFileReference section */

/* Begin PBXFrameworksBuildPhase section */
		81F169A72956AF4F00B1ABBB /* Frameworks */ = {
			isa = PBXFrameworksBuildPhase;
			buildActionMask = 2147483647;
			files = (
				7B667B2ABE0255DE27666E09 /* Pods_vpm.framework in Frameworks */,
			);
			runOnlyForDeploymentPostprocessing = 0;
		};
/* End PBXFrameworksBuildPhase section */

/* Begin PBXGroup section */
		39E8772FC3BF9D50190E5B8A /* Pods */ = {
			isa = PBXGroup;
			children = (
				41EF250012D83D16028AB7FB /* Pods-vpm.debug.xcconfig */,
				4CED4A113E37B6A7037C3367 /* Pods-vpm.release.xcconfig */,
			);
			path = Pods;
			sourceTree = "<group>";
		};
		412FB2FBD4EE55E15C8C2079 /* Frameworks */ = {
			isa = PBXGroup;
			children = (
				589627ED07F0044976A8CA1C /* Pods_vpm.framework */,
			);
			name = Frameworks;
			sourceTree = "<group>";
		};
		8125E2442956BC1C00C0B4BB /* Utils */ = {
			isa = PBXGroup;
			children = (
				8125E2452956BC1C00C0B4BB /* Constants */,
				8125E2602956BC1C00C0B4BB /* Helper */,
				8125E2682956BC1C00C0B4BB /* ThirdParty */,
			);
			path = Utils;
			sourceTree = "<group>";
		};
		8125E2452956BC1C00C0B4BB /* Constants */ = {
			isa = PBXGroup;
			children = (
				8125E2462956BC1C00C0B4BB /* Constant.swift */,
				8125E2472956BC1C00C0B4BB /* AppCategory+Extention.swift */,
			);
			path = Constants;
			sourceTree = "<group>";
		};
		8125E2602956BC1C00C0B4BB /* Helper */ = {
			isa = PBXGroup;
			children = (
				8125E2642956BC1C00C0B4BB /* UtilsCommon.swift */,
				8125E2652956BC1C00C0B4BB /* AAPWebService.swift */,
				8125E2662956BC1C00C0B4BB /* ImagePicker.swift */,
				8125E2672956BC1C00C0B4BB /* NKHelper.swift */,
			);
			path = Helper;
			sourceTree = "<group>";
		};
		8125E2682956BC1C00C0B4BB /* ThirdParty */ = {
			isa = PBXGroup;
			children = (
				8125E27A2956BC1C00C0B4BB /* IQTextView.swift */,
				8125E27C2956BC1C00C0B4BB /* Toast-Swift */,
				8125E27F2956BC1C00C0B4BB /* MBProgressHUD */,
			);
			path = ThirdParty;
			sourceTree = "<group>";
		};
		8125E27C2956BC1C00C0B4BB /* Toast-Swift */ = {
			isa = PBXGroup;
			children = (
				8125E27D2956BC1C00C0B4BB /* Toast.swift */,
			);
			path = "Toast-Swift";
			sourceTree = "<group>";
		};
		8125E27F2956BC1C00C0B4BB /* MBProgressHUD */ = {
			isa = PBXGroup;
			children = (
				8125E2802956BC1C00C0B4BB /* MBProgressHUD.m */,
				8125E2812956BC1C00C0B4BB /* MBHudDemoViewController.h */,
				8125E2822956BC1C00C0B4BB /* MBProgressHUD.h */,
				8125E2832956BC1C00C0B4BB /* MBProgressHUD.swift */,
				8125E2842956BC1C00C0B4BB /* MBHudDemoViewController.m */,
				8125E2852956BC1C00C0B4BB /* MBProgressHUDViewController.swift */,
			);
			path = MBProgressHUD;
			sourceTree = "<group>";
		};
		8177AEE22956B13500EA992A /* Model */ = {
			isa = PBXGroup;
			children = (
				8125E2C62956C0CA00C0B4BB /* UserData.swift */,
				8125E2C42956C08B00C0B4BB /* UserDataModel.swift */,
				81DA0E2E2957073100E65E1C /* LoginUserData.swift */,
				81DA0E3229570FE500E65E1C /* Product.swift */,
				81DA0E36295713F700E65E1C /* ProductDataModel.swift */,
			);
			path = Model;
			sourceTree = "<group>";
		};
		8177AEE42956B14300EA992A /* View */ = {
			isa = PBXGroup;
			children = (
				81DA0E342957108E00E65E1C /* ProductTblCell.swift */,
			);
			path = View;
			sourceTree = "<group>";
		};
		8177AEE52956B14900EA992A /* Controller */ = {
			isa = PBXGroup;
			children = (
				8177AEE62956B1AC00EA992A /* SplashVC.swift */,
				8177AEE82956B1C000EA992A /* LoginVC.swift */,
				8125E2C82956C22800C0B4BB /* SignUpVC.swift */,
				81DA0E3029570BAE00E65E1C /* DashboardVC.swift */,
				81DA0E3C29572E0D00E65E1C /* UpdateProductVC.swift */,
			);
			path = Controller;
			sourceTree = "<group>";
		};
		81F169A12956AF4F00B1ABBB = {
			isa = PBXGroup;
			children = (
				81F169AC2956AF4F00B1ABBB /* vpm */,
				81F169AB2956AF4F00B1ABBB /* Products */,
				81F169C42956AF9800B1ABBB /* vpm-Bridging-Header.h */,
				39E8772FC3BF9D50190E5B8A /* Pods */,
				412FB2FBD4EE55E15C8C2079 /* Frameworks */,
			);
			sourceTree = "<group>";
		};
		81F169AB2956AF4F00B1ABBB /* Products */ = {
			isa = PBXGroup;
			children = (
				81F169AA2956AF4F00B1ABBB /* vpm.app */,
			);
			name = Products;
			sourceTree = "<group>";
		};
		81F169AC2956AF4F00B1ABBB /* vpm */ = {
			isa = PBXGroup;
			children = (
				8177AEE22956B13500EA992A /* Model */,
				8177AEE42956B14300EA992A /* View */,
				8177AEE52956B14900EA992A /* Controller */,
				8125E2442956BC1C00C0B4BB /* Utils */,
				81F169AD2956AF4F00B1ABBB /* AppDelegate.swift */,
				81F169AF2956AF4F00B1ABBB /* SceneDelegate.swift */,
				81F169B12956AF4F00B1ABBB /* ViewController.swift */,
				81F169B32956AF4F00B1ABBB /* Main.storyboard */,
				81F169B92956AF5100B1ABBB /* Assets.xcassets */,
				81F169BB2956AF5100B1ABBB /* LaunchScreen.storyboard */,
				81F169BE2956AF5100B1ABBB /* Info.plist */,
				81F169B62956AF4F00B1ABBB /* vpm.xcdatamodeld */,
			);
			path = vpm;
			sourceTree = "<group>";
		};
/* End PBXGroup section */

/* Begin PBXNativeTarget section */
		81F169A92956AF4F00B1ABBB /* vpm */ = {
			isa = PBXNativeTarget;
			buildConfigurationList = 81F169C12956AF5100B1ABBB /* Build configuration list for PBXNativeTarget "vpm" */;
			buildPhases = (
				EDFA561E1FFED2EAC72A8426 /* [CP] Check Pods Manifest.lock */,
				81F169A62956AF4F00B1ABBB /* Sources */,
				81F169A72956AF4F00B1ABBB /* Frameworks */,
				81F169A82956AF4F00B1ABBB /* Resources */,
				F6A599CAB7AB09FAC7C0CFE8 /* [CP] Embed Pods Frameworks */,
			);
			buildRules = (
			);
			dependencies = (
			);
			name = vpm;
			productName = vpm;
			productReference = 81F169AA2956AF4F00B1ABBB /* vpm.app */;
			productType = "com.apple.product-type.application";
		};
/* End PBXNativeTarget section */

/* Begin PBXProject section */
		81F169A22956AF4F00B1ABBB /* Project object */ = {
			isa = PBXProject;
			attributes = {
				BuildIndependentTargetsInParallel = 1;
				LastSwiftUpdateCheck = 1400;
				LastUpgradeCheck = 1400;
				TargetAttributes = {
					81F169A92956AF4F00B1ABBB = {
						CreatedOnToolsVersion = 14.0.1;
						LastSwiftMigration = 1400;
					};
				};
			};
			buildConfigurationList = 81F169A52956AF4F00B1ABBB /* Build configuration list for PBXProject "vpm" */;
			compatibilityVersion = "Xcode 12.0";
			developmentRegion = en;
			hasScannedForEncodings = 0;
			knownRegions = (
				en,
				Base,
			);
			mainGroup = 81F169A12956AF4F00B1ABBB;
			productRefGroup = 81F169AB2956AF4F00B1ABBB /* Products */;
			projectDirPath = "";
			projectRoot = "";
			targets = (
				81F169A92956AF4F00B1ABBB /* vpm */,
			);
		};
/* End PBXProject section */

/* Begin PBXResourcesBuildPhase section */
		81F169A82956AF4F00B1ABBB /* Resources */ = {
			isa = PBXResourcesBuildPhase;
			buildActionMask = 2147483647;
			files = (
				81F169BD2956AF5100B1ABBB /* LaunchScreen.storyboard in Resources */,
				81F169BA2956AF5100B1ABBB /* Assets.xcassets in Resources */,
				81F169B52956AF4F00B1ABBB /* Main.storyboard in Resources */,
			);
			runOnlyForDeploymentPostprocessing = 0;
		};
/* End PBXResourcesBuildPhase section */

/* Begin PBXShellScriptBuildPhase section */
		EDFA561E1FFED2EAC72A8426 /* [CP] Check Pods Manifest.lock */ = {
			isa = PBXShellScriptBuildPhase;
			buildActionMask = 2147483647;
			files = (
			);
			inputFileListPaths = (
			);
			inputPaths = (
				"${PODS_PODFILE_DIR_PATH}/Podfile.lock",
				"${PODS_ROOT}/Manifest.lock",
			);
			name = "[CP] Check Pods Manifest.lock";
			outputFileListPaths = (
			);
			outputPaths = (
				"$(DERIVED_FILE_DIR)/Pods-vpm-checkManifestLockResult.txt",
			);
			runOnlyForDeploymentPostprocessing = 0;
			shellPath = /bin/sh;
			shellScript = "diff \"${PODS_PODFILE_DIR_PATH}/Podfile.lock\" \"${PODS_ROOT}/Manifest.lock\" > /dev/null\nif [ $? != 0 ] ; then\n    # print error to STDERR\n    echo \"error: The sandbox is not in sync with the Podfile.lock. Run 'pod install' or update your CocoaPods installation.\" >&2\n    exit 1\nfi\n# This output is used by Xcode 'outputs' to avoid re-running this script phase.\necho \"SUCCESS\" > \"${SCRIPT_OUTPUT_FILE_0}\"\n";
			showEnvVarsInLog = 0;
		};
		F6A599CAB7AB09FAC7C0CFE8 /* [CP] Embed Pods Frameworks */ = {
			isa = PBXShellScriptBuildPhase;
			buildActionMask = 2147483647;
			files = (
			);
			inputFileListPaths = (
				"${PODS_ROOT}/Target Support Files/Pods-vpm/Pods-vpm-frameworks-${CONFIGURATION}-input-files.xcfilelist",
			);
			name = "[CP] Embed Pods Frameworks";
			outputFileListPaths = (
				"${PODS_ROOT}/Target Support Files/Pods-vpm/Pods-vpm-frameworks-${CONFIGURATION}-output-files.xcfilelist",
			);
			runOnlyForDeploymentPostprocessing = 0;
			shellPath = /bin/sh;
			shellScript = "\"${PODS_ROOT}/Target Support Files/Pods-vpm/Pods-vpm-frameworks.sh\"\n";
			showEnvVarsInLog = 0;
		};
/* End PBXShellScriptBuildPhase section */

/* Begin PBXSourcesBuildPhase section */
		81F169A62956AF4F00B1ABBB /* Sources */ = {
			isa = PBXSourcesBuildPhase;
			buildActionMask = 2147483647;
			files = (
				8125E2BD2956BC1D00C0B4BB /* MBProgressHUDViewController.swift in Sources */,
				81DA0E3129570BAE00E65E1C /* DashboardVC.swift in Sources */,
				8125E2AB2956BC1D00C0B4BB /* NKHelper.swift in Sources */,
				8125E2BC2956BC1D00C0B4BB /* MBHudDemoViewController.m in Sources */,
				8125E28E2956BC1D00C0B4BB /* Constant.swift in Sources */,
				8125E2BA2956BC1D00C0B4BB /* MBProgressHUD.m in Sources */,
				81DA0E352957108E00E65E1C /* ProductTblCell.swift in Sources */,
				8125E2AA2956BC1D00C0B4BB /* ImagePicker.swift in Sources */,
				81DA0E2F2957073100E65E1C /* LoginUserData.swift in Sources */,
				8125E2B62956BC1D00C0B4BB /* IQTextView.swift in Sources */,
				8125E2C72956C0CA00C0B4BB /* UserData.swift in Sources */,
				8125E2B82956BC1D00C0B4BB /* Toast.swift in Sources */,
				8125E2C52956C08B00C0B4BB /* UserDataModel.swift in Sources */,
				81DA0E37295713F700E65E1C /* ProductDataModel.swift in Sources */,
				81F169B22956AF4F00B1ABBB /* ViewController.swift in Sources */,
				8177AEE72956B1AC00EA992A /* SplashVC.swift in Sources */,
				8125E2A82956BC1D00C0B4BB /* UtilsCommon.swift in Sources */,
				8177AEE92956B1C000EA992A /* LoginVC.swift in Sources */,
				81F169AE2956AF4F00B1ABBB /* AppDelegate.swift in Sources */,
				81DA0E3329570FE500E65E1C /* Product.swift in Sources */,
				81F169B02956AF4F00B1ABBB /* SceneDelegate.swift in Sources */,
				8125E2BB2956BC1D00C0B4BB /* MBProgressHUD.swift in Sources */,
				8125E28F2956BC1D00C0B4BB /* AppCategory+Extention.swift in Sources */,
				8125E2C92956C22800C0B4BB /* SignUpVC.swift in Sources */,
				81DA0E3D29572E0D00E65E1C /* UpdateProductVC.swift in Sources */,
				81F169B82956AF4F00B1ABBB /* vpm.xcdatamodeld in Sources */,
				8125E2A92956BC1D00C0B4BB /* AAPWebService.swift in Sources */,
			);
			runOnlyForDeploymentPostprocessing = 0;
		};
/* End PBXSourcesBuildPhase section */

/* Begin PBXVariantGroup section */
		81F169B32956AF4F00B1ABBB /* Main.storyboard */ = {
			isa = PBXVariantGroup;
			children = (
				81F169B42956AF4F00B1ABBB /* Base */,
			);
			name = Main.storyboard;
			sourceTree = "<group>";
		};
		81F169BB2956AF5100B1ABBB /* LaunchScreen.storyboard */ = {
			isa = PBXVariantGroup;
			children = (
				81F169BC2956AF5100B1ABBB /* Base */,
			);
			name = LaunchScreen.storyboard;
			sourceTree = "<group>";
		};
/* End PBXVariantGroup section */

/* Begin XCBuildConfiguration section */
		81F169BF2956AF5100B1ABBB /* Debug */ = {
			isa = XCBuildConfiguration;
			buildSettings = {
				ALWAYS_SEARCH_USER_PATHS = NO;
				CLANG_ANALYZER_NONNULL = YES;
				CLANG_ANALYZER_NUMBER_OBJECT_CONVERSION = YES_AGGRESSIVE;
				CLANG_CXX_LANGUAGE_STANDARD = "gnu++20";
				CLANG_ENABLE_MODULES = YES;
				CLANG_ENABLE_OBJC_ARC = YES;
				CLANG_ENABLE_OBJC_WEAK = YES;
				CLANG_WARN_BLOCK_CAPTURE_AUTORELEASING = YES;
				CLANG_WARN_BOOL_CONVERSION = YES;
				CLANG_WARN_COMMA = YES;
				CLANG_WARN_CONSTANT_CONVERSION = YES;
				CLANG_WARN_DEPRECATED_OBJC_IMPLEMENTATIONS = YES;
				CLANG_WARN_DIRECT_OBJC_ISA_USAGE = YES_ERROR;
				CLANG_WARN_DOCUMENTATION_COMMENTS = YES;
				CLANG_WARN_EMPTY_BODY = YES;
				CLANG_WARN_ENUM_CONVERSION = YES;
				CLANG_WARN_INFINITE_RECURSION = YES;
				CLANG_WARN_INT_CONVERSION = YES;
				CLANG_WARN_NON_LITERAL_NULL_CONVERSION = YES;
				CLANG_WARN_OBJC_IMPLICIT_RETAIN_SELF = YES;
				CLANG_WARN_OBJC_LITERAL_CONVERSION = YES;
				CLANG_WARN_OBJC_ROOT_CLASS = YES_ERROR;
				CLANG_WARN_QUOTED_INCLUDE_IN_FRAMEWORK_HEADER = YES;
				CLANG_WARN_RANGE_LOOP_ANALYSIS = YES;
				CLANG_WARN_STRICT_PROTOTYPES = YES;
				CLANG_WARN_SUSPICIOUS_MOVE = YES;
				CLANG_WARN_UNGUARDED_AVAILABILITY = YES_AGGRESSIVE;
				CLANG_WARN_UNREACHABLE_CODE = YES;
				CLANG_WARN__DUPLICATE_METHOD_MATCH = YES;
				COPY_PHASE_STRIP = NO;
				DEBUG_INFORMATION_FORMAT = dwarf;
				ENABLE_STRICT_OBJC_MSGSEND = YES;
				ENABLE_TESTABILITY = YES;
				GCC_C_LANGUAGE_STANDARD = gnu11;
				GCC_DYNAMIC_NO_PIC = NO;
				GCC_NO_COMMON_BLOCKS = YES;
				GCC_OPTIMIZATION_LEVEL = 0;
				GCC_PREPROCESSOR_DEFINITIONS = (
					"DEBUG=1",
					"$(inherited)",
				);
				GCC_WARN_64_TO_32_BIT_CONVERSION = YES;
				GCC_WARN_ABOUT_RETURN_TYPE = YES_ERROR;
				GCC_WARN_UNDECLARED_SELECTOR = YES;
				GCC_WARN_UNINITIALIZED_AUTOS = YES_AGGRESSIVE;
				GCC_WARN_UNUSED_FUNCTION = YES;
				GCC_WARN_UNUSED_VARIABLE = YES;
				IPHONEOS_DEPLOYMENT_TARGET = 13.0;
				MTL_ENABLE_DEBUG_INFO = INCLUDE_SOURCE;
				MTL_FAST_MATH = YES;
				ONLY_ACTIVE_ARCH = YES;
				SDKROOT = iphoneos;
				SWIFT_ACTIVE_COMPILATION_CONDITIONS = DEBUG;
				SWIFT_OPTIMIZATION_LEVEL = "-Onone";
			};
			name = Debug;
		};
		81F169C02956AF5100B1ABBB /* Release */ = {
			isa = XCBuildConfiguration;
			buildSettings = {
				ALWAYS_SEARCH_USER_PATHS = NO;
				CLANG_ANALYZER_NONNULL = YES;
				CLANG_ANALYZER_NUMBER_OBJECT_CONVERSION = YES_AGGRESSIVE;
				CLANG_CXX_LANGUAGE_STANDARD = "gnu++20";
				CLANG_ENABLE_MODULES = YES;
				CLANG_ENABLE_OBJC_ARC = YES;
				CLANG_ENABLE_OBJC_WEAK = YES;
				CLANG_WARN_BLOCK_CAPTURE_AUTORELEASING = YES;
				CLANG_WARN_BOOL_CONVERSION = YES;
				CLANG_WARN_COMMA = YES;
				CLANG_WARN_CONSTANT_CONVERSION = YES;
				CLANG_WARN_DEPRECATED_OBJC_IMPLEMENTATIONS = YES;
				CLANG_WARN_DIRECT_OBJC_ISA_USAGE = YES_ERROR;
				CLANG_WARN_DOCUMENTATION_COMMENTS = YES;
				CLANG_WARN_EMPTY_BODY = YES;
				CLANG_WARN_ENUM_CONVERSION = YES;
				CLANG_WARN_INFINITE_RECURSION = YES;
				CLANG_WARN_INT_CONVERSION = YES;
				CLANG_WARN_NON_LITERAL_NULL_CONVERSION = YES;
				CLANG_WARN_OBJC_IMPLICIT_RETAIN_SELF = YES;
				CLANG_WARN_OBJC_LITERAL_CONVERSION = YES;
				CLANG_WARN_OBJC_ROOT_CLASS = YES_ERROR;
				CLANG_WARN_QUOTED_INCLUDE_IN_FRAMEWORK_HEADER = YES;
				CLANG_WARN_RANGE_LOOP_ANALYSIS = YES;
				CLANG_WARN_STRICT_PROTOTYPES = YES;
				CLANG_WARN_SUSPICIOUS_MOVE = YES;
				CLANG_WARN_UNGUARDED_AVAILABILITY = YES_AGGRESSIVE;
				CLANG_WARN_UNREACHABLE_CODE = YES;
				CLANG_WARN__DUPLICATE_METHOD_MATCH = YES;
				COPY_PHASE_STRIP = NO;
				DEBUG_INFORMATION_FORMAT = "dwarf-with-dsym";
				ENABLE_NS_ASSERTIONS = NO;
				ENABLE_STRICT_OBJC_MSGSEND = YES;
				GCC_C_LANGUAGE_STANDARD = gnu11;
				GCC_NO_COMMON_BLOCKS = YES;
				GCC_WARN_64_TO_32_BIT_CONVERSION = YES;
				GCC_WARN_ABOUT_RETURN_TYPE = YES_ERROR;
				GCC_WARN_UNDECLARED_SELECTOR = YES;
				GCC_WARN_UNINITIALIZED_AUTOS = YES_AGGRESSIVE;
				GCC_WARN_UNUSED_FUNCTION = YES;
				GCC_WARN_UNUSED_VARIABLE = YES;
				IPHONEOS_DEPLOYMENT_TARGET = 13.0;
				MTL_ENABLE_DEBUG_INFO = NO;
				MTL_FAST_MATH = YES;
				SDKROOT = iphoneos;
				SWIFT_COMPILATION_MODE = wholemodule;
				SWIFT_OPTIMIZATION_LEVEL = "-O";
				VALIDATE_PRODUCT = YES;
			};
			name = Release;
		};
		81F169C22956AF5100B1ABBB /* Debug */ = {
			isa = XCBuildConfiguration;
			baseConfigurationReference = 41EF250012D83D16028AB7FB /* Pods-vpm.debug.xcconfig */;
			buildSettings = {
				ASSETCATALOG_COMPILER_APPICON_NAME = AppIcon;
				ASSETCATALOG_COMPILER_GLOBAL_ACCENT_COLOR_NAME = AccentColor;
				CLANG_ENABLE_MODULES = YES;
				CODE_SIGN_STYLE = Automatic;
				CURRENT_PROJECT_VERSION = 1;
				GENERATE_INFOPLIST_FILE = YES;
				INFOPLIST_FILE = vpm/Info.plist;
				INFOPLIST_KEY_UIApplicationSupportsIndirectInputEvents = YES;
				INFOPLIST_KEY_UILaunchStoryboardName = LaunchScreen;
				INFOPLIST_KEY_UIMainStoryboardFile = Main;
				INFOPLIST_KEY_UISupportedInterfaceOrientations_iPad = "UIInterfaceOrientationPortrait UIInterfaceOrientationPortraitUpsideDown UIInterfaceOrientationLandscapeLeft UIInterfaceOrientationLandscapeRight";
				INFOPLIST_KEY_UISupportedInterfaceOrientations_iPhone = "UIInterfaceOrientationPortrait UIInterfaceOrientationLandscapeLeft UIInterfaceOrientationLandscapeRight";
				IPHONEOS_DEPLOYMENT_TARGET = 13.0;
				LD_RUNPATH_SEARCH_PATHS = (
					"$(inherited)",
					"@executable_path/Frameworks",
				);
				MARKETING_VERSION = 1.0;
				PRODUCT_BUNDLE_IDENTIFIER = com.vpm;
				PRODUCT_NAME = "$(TARGET_NAME)";
				SWIFT_EMIT_LOC_STRINGS = YES;
				SWIFT_OBJC_BRIDGING_HEADER = "vpm-Bridging-Header.h";
				SWIFT_OPTIMIZATION_LEVEL = "-Onone";
				SWIFT_VERSION = 5.0;
				TARGETED_DEVICE_FAMILY = "1,2";
			};
			name = Debug;
		};
		81F169C32956AF5100B1ABBB /* Release */ = {
			isa = XCBuildConfiguration;
			baseConfigurationReference = 4CED4A113E37B6A7037C3367 /* Pods-vpm.release.xcconfig */;
			buildSettings = {
				ASSETCATALOG_COMPILER_APPICON_NAME = AppIcon;
				ASSETCATALOG_COMPILER_GLOBAL_ACCENT_COLOR_NAME = AccentColor;
				CLANG_ENABLE_MODULES = YES;
				CODE_SIGN_STYLE = Automatic;
				CURRENT_PROJECT_VERSION = 1;
				GENERATE_INFOPLIST_FILE = YES;
				INFOPLIST_FILE = vpm/Info.plist;
				INFOPLIST_KEY_UIApplicationSupportsIndirectInputEvents = YES;
				INFOPLIST_KEY_UILaunchStoryboardName = LaunchScreen;
				INFOPLIST_KEY_UIMainStoryboardFile = Main;
				INFOPLIST_KEY_UISupportedInterfaceOrientations_iPad = "UIInterfaceOrientationPortrait UIInterfaceOrientationPortraitUpsideDown UIInterfaceOrientationLandscapeLeft UIInterfaceOrientationLandscapeRight";
				INFOPLIST_KEY_UISupportedInterfaceOrientations_iPhone = "UIInterfaceOrientationPortrait UIInterfaceOrientationLandscapeLeft UIInterfaceOrientationLandscapeRight";
				IPHONEOS_DEPLOYMENT_TARGET = 13.0;
				LD_RUNPATH_SEARCH_PATHS = (
					"$(inherited)",
					"@executable_path/Frameworks",
				);
				MARKETING_VERSION = 1.0;
				PRODUCT_BUNDLE_IDENTIFIER = com.vpm;
				PRODUCT_NAME = "$(TARGET_NAME)";
				SWIFT_EMIT_LOC_STRINGS = YES;
				SWIFT_OBJC_BRIDGING_HEADER = "vpm-Bridging-Header.h";
				SWIFT_VERSION = 5.0;
				TARGETED_DEVICE_FAMILY = "1,2";
			};
			name = Release;
		};
/* End XCBuildConfiguration section */

/* Begin XCConfigurationList section */
		81F169A52956AF4F00B1ABBB /* Build configuration list for PBXProject "vpm" */ = {
			isa = XCConfigurationList;
			buildConfigurations = (
				81F169BF2956AF5100B1ABBB /* Debug */,
				81F169C02956AF5100B1ABBB /* Release */,
			);
			defaultConfigurationIsVisible = 0;
			defaultConfigurationName = Release;
		};
		81F169C12956AF5100B1ABBB /* Build configuration list for PBXNativeTarget "vpm" */ = {
			isa = XCConfigurationList;
			buildConfigurations = (
				81F169C22956AF5100B1ABBB /* Debug */,
				81F169C32956AF5100B1ABBB /* Release */,
			);
			defaultConfigurationIsVisible = 0;
			defaultConfigurationName = Release;
		};
/* End XCConfigurationList section */

/* Begin XCVersionGroup section */
		81F169B62956AF4F00B1ABBB /* vpm.xcdatamodeld */ = {
			isa = XCVersionGroup;
			children = (
				81F169B72956AF4F00B1ABBB /* vpm.xcdatamodel */,
			);
			currentVersion = 81F169B72956AF4F00B1ABBB /* vpm.xcdatamodel */;
			path = vpm.xcdatamodeld;
			sourceTree = "<group>";
			versionGroupType = wrapper.xcdatamodel;
		};
/* End XCVersionGroup section */
	};
	rootObject = 81F169A22956AF4F00B1ABBB /* Project object */;
}
